
Microsoft Visual Studio Solution File, Format Version 12.00
# Visual Studio Version 17
VisualStudioVersion = 17.11.35219.272
MinimumVisualStudioVersion = 10.0.40219.1
Project("{9A19103F-16F7-4668-BE54-9A1E7A4F7556}") = "Formula", "Formula\Formula.csproj", "{2B1B85C1-5EA8-4BEE-8573-9F008F967DDD}"
EndProject
Project("{2150E333-8FDC-42A3-9474-1A3956D46DE8}") = "Solution Items", "Solution Items", "{42274F26-D2A7-4754-9297-BAC0AB2004BA}"
	ProjectSection(SolutionItems) = preProject
		.editorconfig = .editorconfig
		README.md = README.md
	EndProjectSection
EndProject
Project("{9A19103F-16F7-4668-BE54-9A1E7A4F7556}") = "FormulaTests", "FormulaTests\FormulaTests.csproj", "{1CE09C9A-2F10-48CE-BF3D-46416CABC1F7}"
EndProject
Project("{9A19103F-16F7-4668-BE54-9A1E7A4F7556}") = "DependencyGraph", "DependencyGraph\DependencyGraph.csproj", "{C470FA0B-3798-44D9-A6A9-3C29B9803F7D}"
EndProject
Project("{9A19103F-16F7-4668-BE54-9A1E7A4F7556}") = "DependencyGraphTests", "DependencyGraphTests\DependencyGraphTests.csproj", "{9C9096CA-67D8-40D2-BCFF-D87533C69DB8}"
EndProject
Project("{9A19103F-16F7-4668-BE54-9A1E7A4F7556}") = "Spreadsheet", "Spreadsheet\Spreadsheet.csproj", "{3D605F50-F916-4E67-B3FC-1B5201271E06}"
EndProject
Project("{9A19103F-16F7-4668-BE54-9A1E7A4F7556}") = "SpreadsheetTests", "SpreadsheetTests\SpreadsheetTests.csproj", "{751B6E61-5A78-480E-BB1F-C19AC2BD4F5C}"
EndProject
Project("{FAE04EC0-301F-11D3-BF4B-00C04F79EFBC}") = "GradingTestsPS5", "GradingTestsPS5\GradingTestsPS5.csproj", "{FADA7A3C-E0E7-4024-A7DC-AB7FCEE92720}"
EndProject
Global
	GlobalSection(SolutionConfigurationPlatforms) = preSolution
		Debug|Any CPU = Debug|Any CPU
		Release|Any CPU = Release|Any CPU
	EndGlobalSection
	GlobalSection(ProjectConfigurationPlatforms) = postSolution
		{2B1B85C1-5EA8-4BEE-8573-9F008F967DDD}.Debug|Any CPU.ActiveCfg = Debug|Any CPU
		{2B1B85C1-5EA8-4BEE-8573-9F008F967DDD}.Debug|Any CPU.Build.0 = Debug|Any CPU
		{2B1B85C1-5EA8-4BEE-8573-9F008F967DDD}.Release|Any CPU.ActiveCfg = Release|Any CPU
		{2B1B85C1-5EA8-4BEE-8573-9F008F967DDD}.Release|Any CPU.Build.0 = Release|Any CPU
		{1CE09C9A-2F10-48CE-BF3D-46416CABC1F7}.Debug|Any CPU.ActiveCfg = Debug|Any CPU
		{1CE09C9A-2F10-48CE-BF3D-46416CABC1F7}.Debug|Any CPU.Build.0 = Debug|Any CPU
		{1CE09C9A-2F10-48CE-BF3D-46416CABC1F7}.Release|Any CPU.ActiveCfg = Release|Any CPU
		{1CE09C9A-2F10-48CE-BF3D-46416CABC1F7}.Release|Any CPU.Build.0 = Release|Any CPU
		{C470FA0B-3798-44D9-A6A9-3C29B9803F7D}.Debug|Any CPU.ActiveCfg = Debug|Any CPU
		{C470FA0B-3798-44D9-A6A9-3C29B9803F7D}.Debug|Any CPU.Build.0 = Debug|Any CPU
		{C470FA0B-3798-44D9-A6A9-3C29B9803F7D}.Release|Any CPU.ActiveCfg = Release|Any CPU
		{C470FA0B-3798-44D9-A6A9-3C29B9803F7D}.Release|Any CPU.Build.0 = Release|Any CPU
		{9C9096CA-67D8-40D2-BCFF-D87533C69DB8}.Debug|Any CPU.ActiveCfg = Debug|Any CPU
		{9C9096CA-67D8-40D2-BCFF-D87533C69DB8}.Debug|Any CPU.Build.0 = Debug|Any CPU
		{9C9096CA-67D8-40D2-BCFF-D87533C69DB8}.Release|Any CPU.ActiveCfg = Release|Any CPU
		{9C9096CA-67D8-40D2-BCFF-D87533C69DB8}.Release|Any CPU.Build.0 = Release|Any CPU
		{3D605F50-F916-4E67-B3FC-1B5201271E06}.Debug|Any CPU.ActiveCfg = Debug|Any CPU
		{3D605F50-F916-4E67-B3FC-1B5201271E06}.Debug|Any CPU.Build.0 = Debug|Any CPU
		{3D605F50-F916-4E67-B3FC-1B5201271E06}.Release|Any CPU.ActiveCfg = Release|Any CPU
		{3D605F50-F916-4E67-B3FC-1B5201271E06}.Release|Any CPU.Build.0 = Release|Any CPU
		{751B6E61-5A78-480E-BB1F-C19AC2BD4F5C}.Debug|Any CPU.ActiveCfg = Debug|Any CPU
		{751B6E61-5A78-480E-BB1F-C19AC2BD4F5C}.Debug|Any CPU.Build.0 = Debug|Any CPU
		{751B6E61-5A78-480E-BB1F-C19AC2BD4F5C}.Release|Any CPU.ActiveCfg = Release|Any CPU
		{751B6E61-5A78-480E-BB1F-C19AC2BD4F5C}.Release|Any CPU.Build.0 = Release|Any CPU
		{FADA7A3C-E0E7-4024-A7DC-AB7FCEE92720}.Debug|Any CPU.ActiveCfg = Debug|Any CPU
		{FADA7A3C-E0E7-4024-A7DC-AB7FCEE92720}.Debug|Any CPU.Build.0 = Debug|Any CPU
		{FADA7A3C-E0E7-4024-A7DC-AB7FCEE92720}.Release|Any CPU.ActiveCfg = Release|Any CPU
		{FADA7A3C-E0E7-4024-A7DC-AB7FCEE92720}.Release|Any CPU.Build.0 = Release|Any CPU
	EndGlobalSection
	GlobalSection(SolutionProperties) = preSolution
		HideSolutionNode = FALSE
	EndGlobalSection
	GlobalSection(ExtensibilityGlobals) = postSolution
		SolutionGuid = {A7537D58-AB80-4B49-BE87-EA99C74A43EB}
	EndGlobalSection
EndGlobal
